# generated by rye
# use `rye lock` or `rye sync` to update this lockfile
#
# last locked with the following flags:
#   pre: false
#   features: []
#   all-features: false
#   with-sources: false

-e file:.
beautifulsoup4==4.12.3
    # via airfoildb
certifi==2024.2.2
    # via requests
charset-normalizer==3.3.2
    # via requests
click==8.1.7
    # via typer
idna==3.6
    # via requests
numpy==1.26.4
    # via airfoildb
    # via scipy
requests==2.31.0
    # via airfoildb
scipy==1.12.0
    # via airfoildb
soupsieve==2.5
    # via beautifulsoup4
typer==0.9.0
    # via airfoildb
typing-extensions==4.9.0
    # via typer
urllib3==2.2.0
    # via requests
